
Microsoft Visual Studio Solution File, Format Version 12.00
# Visual Studio Version 16
VisualStudioVersion = 16.0.31019.35
MinimumVisualStudioVersion = 10.0.40219.1
Project("{FAE04EC0-301F-11D3-BF4B-00C04F79EFBC}") = "SQLiteDBImageUpdater", "SQLiteDBImageUpdater.csproj", "{BD80C5DB-826A-457D-9A98-71CAF52A50EA}"
EndProject
Global
	GlobalSection(SolutionConfigurationPlatforms) = preSolution
		Debug|Any CPU = Debug|Any CPU
		Release|Any CPU = Release|Any CPU
	EndGlobalSection
	GlobalSection(ProjectConfigurationPlatforms) = postSolution
		{BD80C5DB-826A-457D-9A98-71CAF52A50EA}.Debug|Any CPU.ActiveCfg = Debug|Any CPU
		{BD80C5DB-826A-457D-9A98-71CAF52A50EA}.Debug|Any CPU.Build.0 = Debug|Any CPU
		{BD80C5DB-826A-457D-9A98-71CAF52A50EA}.Release|Any CPU.ActiveCfg = Release|Any CPU
		{BD80C5DB-826A-457D-9A98-71CAF52A50EA}.Release|Any CPU.Build.0 = Release|Any CPU
	EndGlobalSection
	GlobalSection(SolutionProperties) = preSolution
		HideSolutionNode = FALSE
	EndGlobalSection
	GlobalSection(ExtensibilityGlobals) = postSolution
		SolutionGuid = {1AB196BC-D784-4AB6-8B82-08E6C110E091}
	EndGlobalSection
EndGlobal
